
Microsoft Visual Studio Solution File, Format Version 12.00
# Visual Studio Version 17
VisualStudioVersion = 17.6.33829.357
MinimumVisualStudioVersion = 10.0.40219.1
Project("{FAE04EC0-301F-11D3-BF4B-00C04F79EFBC}") = "API_Books", "API_Books\API_Books.csproj", "{B0E4C57C-5419-4EAE-97A3-0DF56ACDC5FB}"
EndProject
Project("{FAE04EC0-301F-11D3-BF4B-00C04F79EFBC}") = "API_Borrower", "API_Borrower\API_Borrower.csproj", "{AD2919CD-4179-4A7A-A7C4-549C8454FD6D}"
EndProject
Global
	GlobalSection(SolutionConfigurationPlatforms) = preSolution
		Debug|Any CPU = Debug|Any CPU
		Release|Any CPU = Release|Any CPU
	EndGlobalSection
	GlobalSection(ProjectConfigurationPlatforms) = postSolution
		{B0E4C57C-5419-4EAE-97A3-0DF56ACDC5FB}.Debug|Any CPU.ActiveCfg = Debug|Any CPU
		{B0E4C57C-5419-4EAE-97A3-0DF56ACDC5FB}.Debug|Any CPU.Build.0 = Debug|Any CPU
		{B0E4C57C-5419-4EAE-97A3-0DF56ACDC5FB}.Release|Any CPU.ActiveCfg = Release|Any CPU
		{B0E4C57C-5419-4EAE-97A3-0DF56ACDC5FB}.Release|Any CPU.Build.0 = Release|Any CPU
		{AD2919CD-4179-4A7A-A7C4-549C8454FD6D}.Debug|Any CPU.ActiveCfg = Debug|Any CPU
		{AD2919CD-4179-4A7A-A7C4-549C8454FD6D}.Debug|Any CPU.Build.0 = Debug|Any CPU
		{AD2919CD-4179-4A7A-A7C4-549C8454FD6D}.Release|Any CPU.ActiveCfg = Release|Any CPU
		{AD2919CD-4179-4A7A-A7C4-549C8454FD6D}.Release|Any CPU.Build.0 = Release|Any CPU
	EndGlobalSection
	GlobalSection(SolutionProperties) = preSolution
		HideSolutionNode = FALSE
	EndGlobalSection
	GlobalSection(ExtensibilityGlobals) = postSolution
		SolutionGuid = {64DCEC49-29FD-45C4-9EDE-035174C9A228}
	EndGlobalSection
EndGlobal
